// !$*UTF8*$!
{
	archiveVersion = 1;
	classes = {
	};
	objectVersion = 48;
	objects = {

/* Begin PBXBuildFile section */
		1E4D7C833631D2C6D208EF88 /* Pods_AssignmentSwift.framework in Frameworks */ = {isa = PBXBuildFile; fileRef = EEEFE8A19B7D5DEB98C192C6 /* Pods_AssignmentSwift.framework */; };
		536D62F61FFF96AC006D0F21 /* UserCellCollectionViewCell.swift in Sources */ = {isa = PBXBuildFile; fileRef = 536D62F41FFF96AB006D0F21 /* UserCellCollectionViewCell.swift */; };
		536D62F71FFF96AC006D0F21 /* UserCellCollectionViewCell.swift in Sources */ = {isa = PBXBuildFile; fileRef = 536D62F41FFF96AB006D0F21 /* UserCellCollectionViewCell.swift */; };
		536D62F81FFF96AC006D0F21 /* UserCellCollectionViewCell.swift in Sources */ = {isa = PBXBuildFile; fileRef = 536D62F41FFF96AB006D0F21 /* UserCellCollectionViewCell.swift */; };
		536D62F91FFF96AC006D0F21 /* UserCellCollectionViewCell.xib in Resources */ = {isa = PBXBuildFile; fileRef = 536D62F51FFF96AB006D0F21 /* UserCellCollectionViewCell.xib */; };
		536D62FA1FFF96AC006D0F21 /* UserCellCollectionViewCell.xib in Resources */ = {isa = PBXBuildFile; fileRef = 536D62F51FFF96AB006D0F21 /* UserCellCollectionViewCell.xib */; };
		536D62FB1FFF96AC006D0F21 /* UserCellCollectionViewCell.xib in Resources */ = {isa = PBXBuildFile; fileRef = 536D62F51FFF96AB006D0F21 /* UserCellCollectionViewCell.xib */; };
		536D62FD1FFF9855006D0F21 /* User.swift in Sources */ = {isa = PBXBuildFile; fileRef = 536D62FC1FFF9855006D0F21 /* User.swift */; };
		536D62FE1FFF9855006D0F21 /* User.swift in Sources */ = {isa = PBXBuildFile; fileRef = 536D62FC1FFF9855006D0F21 /* User.swift */; };
		536D62FF1FFF9855006D0F21 /* User.swift in Sources */ = {isa = PBXBuildFile; fileRef = 536D62FC1FFF9855006D0F21 /* User.swift */; };
		53E70D151FFE85AB006CE540 /* AppDelegate.swift in Sources */ = {isa = PBXBuildFile; fileRef = 53E70D141FFE85AB006CE540 /* AppDelegate.swift */; };
		53E70D171FFE85AB006CE540 /* ViewController.swift in Sources */ = {isa = PBXBuildFile; fileRef = 53E70D161FFE85AB006CE540 /* ViewController.swift */; };
		53E70D1A1FFE85AB006CE540 /* Main.storyboard in Resources */ = {isa = PBXBuildFile; fileRef = 53E70D181FFE85AB006CE540 /* Main.storyboard */; };
		53E70D1C1FFE85AB006CE540 /* Assets.xcassets in Resources */ = {isa = PBXBuildFile; fileRef = 53E70D1B1FFE85AB006CE540 /* Assets.xcassets */; };
		53E70D1F1FFE85AB006CE540 /* LaunchScreen.storyboard in Resources */ = {isa = PBXBuildFile; fileRef = 53E70D1D1FFE85AB006CE540 /* LaunchScreen.storyboard */; };
		53E70D2A1FFE85AB006CE540 /* AssignmentSwiftTests.swift in Sources */ = {isa = PBXBuildFile; fileRef = 53E70D291FFE85AB006CE540 /* AssignmentSwiftTests.swift */; };
		53E70D351FFE85AC006CE540 /* AssignmentSwiftUITests.swift in Sources */ = {isa = PBXBuildFile; fileRef = 53E70D341FFE85AC006CE540 /* AssignmentSwiftUITests.swift */; };
		69F0AD8C016F14BA2371EB5A /* Pods_AssignmentSwiftTests.framework in Frameworks */ = {isa = PBXBuildFile; fileRef = 844B67883FEF3E704378E4BC /* Pods_AssignmentSwiftTests.framework */; };
		B1193FCA2110C5EB00CDC171 /* TopicsViewController.swift in Sources */ = {isa = PBXBuildFile; fileRef = B1193FC82110C5EB00CDC171 /* TopicsViewController.swift */; };
		B1193FCB2110C5EB00CDC171 /* TopicsViewController.xib in Resources */ = {isa = PBXBuildFile; fileRef = B1193FC92110C5EB00CDC171 /* TopicsViewController.xib */; };
		B1193FCF2110C67B00CDC171 /* TopicTableViewCell.swift in Sources */ = {isa = PBXBuildFile; fileRef = B1193FCD2110C67B00CDC171 /* TopicTableViewCell.swift */; };
		B1193FD02110C67B00CDC171 /* TopicTableViewCell.xib in Resources */ = {isa = PBXBuildFile; fileRef = B1193FCE2110C67B00CDC171 /* TopicTableViewCell.xib */; };
		B1193FDF2110C92C00CDC171 /* search-cross@2x.png in Resources */ = {isa = PBXBuildFile; fileRef = B1193FD32110C92A00CDC171 /* search-cross@2x.png */; };
		B1193FE02110C92C00CDC171 /* arrow-right@2x.png in Resources */ = {isa = PBXBuildFile; fileRef = B1193FD42110C92A00CDC171 /* arrow-right@2x.png */; };
		B1193FE12110C92C00CDC171 /* search @3x.png in Resources */ = {isa = PBXBuildFile; fileRef = B1193FD52110C92A00CDC171 /* search @3x.png */; };
		B1193FE22110C92C00CDC171 /* left-arrow@3x.png in Resources */ = {isa = PBXBuildFile; fileRef = B1193FD62110C92A00CDC171 /* left-arrow@3x.png */; };
		B1193FE32110C92C00CDC171 /* search .png in Resources */ = {isa = PBXBuildFile; fileRef = B1193FD72110C92A00CDC171 /* search .png */; };
		B1193FE42110C92C00CDC171 /* search-cross@3x.png in Resources */ = {isa = PBXBuildFile; fileRef = B1193FD82110C92B00CDC171 /* search-cross@3x.png */; };
		B1193FE52110C92C00CDC171 /* arrow-right.png in Resources */ = {isa = PBXBuildFile; fileRef = B1193FD92110C92B00CDC171 /* arrow-right.png */; };
		B1193FE62110C92C00CDC171 /* search @2x.png in Resources */ = {isa = PBXBuildFile; fileRef = B1193FDA2110C92B00CDC171 /* search @2x.png */; };
		B1193FE72110C92C00CDC171 /* left-arrow@2x.png in Resources */ = {isa = PBXBuildFile; fileRef = B1193FDB2110C92B00CDC171 /* left-arrow@2x.png */; };
		B1193FE82110C92C00CDC171 /* left-arrow.png in Resources */ = {isa = PBXBuildFile; fileRef = B1193FDC2110C92B00CDC171 /* left-arrow.png */; };
		B1193FE92110C92C00CDC171 /* arrow-right@3x.png in Resources */ = {isa = PBXBuildFile; fileRef = B1193FDD2110C92C00CDC171 /* arrow-right@3x.png */; };
		B1193FEA2110C92C00CDC171 /* search-cross.png in Resources */ = {isa = PBXBuildFile; fileRef = B1193FDE2110C92C00CDC171 /* search-cross.png */; };
		B1193FEC21116E8800CDC171 /* BookView.xib in Resources */ = {isa = PBXBuildFile; fileRef = B1193FEB21116E8800CDC171 /* BookView.xib */; };
		D8627C8A5FF8BB78CD559A1D /* Pods_AssignmentSwiftUITests.framework in Frameworks */ = {isa = PBXBuildFile; fileRef = 9F0CA9EF3BDC3D34752DD0DA /* Pods_AssignmentSwiftUITests.framework */; };
/* End PBXBuildFile section */

/* Begin PBXContainerItemProxy section */
		53E70D261FFE85AB006CE540 /* PBXContainerItemProxy */ = {
			isa = PBXContainerItemProxy;
			containerPortal = 53E70D091FFE85AB006CE540 /* Project object */;
			proxyType = 1;
			remoteGlobalIDString = 53E70D101FFE85AB006CE540;
			remoteInfo = AssignmentSwift;
		};
		53E70D311FFE85AC006CE540 /* PBXContainerItemProxy */ = {
			isa = PBXContainerItemProxy;
			containerPortal = 53E70D091FFE85AB006CE540 /* Project object */;
			proxyType = 1;
			remoteGlobalIDString = 53E70D101FFE85AB006CE540;
			remoteInfo = AssignmentSwift;
		};
/* End PBXContainerItemProxy section */

/* Begin PBXFileReference section */
		094F1EEECEA8E6BC0F80EC56 /* Pods-AssignmentSwiftTests.release.xcconfig */ = {isa = PBXFileReference; includeInIndex = 1; lastKnownFileType = text.xcconfig; name = "Pods-AssignmentSwiftTests.release.xcconfig"; path = "Pods/Target Support Files/Pods-AssignmentSwiftTests/Pods-AssignmentSwiftTests.release.xcconfig"; sourceTree = "<group>"; };
		41F8A06F1260FCBB1AA90330 /* Pods-AssignmentSwift.debug.xcconfig */ = {isa = PBXFileReference; includeInIndex = 1; lastKnownFileType = text.xcconfig; name = "Pods-AssignmentSwift.debug.xcconfig"; path = "Pods/Target Support Files/Pods-AssignmentSwift/Pods-AssignmentSwift.debug.xcconfig"; sourceTree = "<group>"; };
		536D62F41FFF96AB006D0F21 /* UserCellCollectionViewCell.swift */ = {isa = PBXFileReference; lastKnownFileType = sourcecode.swift; path = UserCellCollectionViewCell.swift; sourceTree = "<group>"; };
		536D62F51FFF96AB006D0F21 /* UserCellCollectionViewCell.xib */ = {isa = PBXFileReference; lastKnownFileType = file.xib; path = UserCellCollectionViewCell.xib; sourceTree = "<group>"; };
		536D62FC1FFF9855006D0F21 /* User.swift */ = {isa = PBXFileReference; lastKnownFileType = sourcecode.swift; path = User.swift; sourceTree = "<group>"; };
		53E70D111FFE85AB006CE540 /* AssignmentSwift.app */ = {isa = PBXFileReference; explicitFileType = wrapper.application; includeInIndex = 0; path = AssignmentSwift.app; sourceTree = BUILT_PRODUCTS_DIR; };
		53E70D141FFE85AB006CE540 /* AppDelegate.swift */ = {isa = PBXFileReference; lastKnownFileType = sourcecode.swift; path = AppDelegate.swift; sourceTree = "<group>"; };
		53E70D161FFE85AB006CE540 /* ViewController.swift */ = {isa = PBXFileReference; lastKnownFileType = sourcecode.swift; path = ViewController.swift; sourceTree = "<group>"; };
		53E70D191FFE85AB006CE540 /* Base */ = {isa = PBXFileReference; lastKnownFileType = file.storyboard; name = Base; path = Base.lproj/Main.storyboard; sourceTree = "<group>"; };
		53E70D1B1FFE85AB006CE540 /* Assets.xcassets */ = {isa = PBXFileReference; lastKnownFileType = folder.assetcatalog; path = Assets.xcassets; sourceTree = "<group>"; };
		53E70D1E1FFE85AB006CE540 /* Base */ = {isa = PBXFileReference; lastKnownFileType = file.storyboard; name = Base; path = Base.lproj/LaunchScreen.storyboard; sourceTree = "<group>"; };
		53E70D201FFE85AB006CE540 /* Info.plist */ = {isa = PBXFileReference; lastKnownFileType = text.plist.xml; path = Info.plist; sourceTree = "<group>"; };
		53E70D251FFE85AB006CE540 /* AssignmentSwiftTests.xctest */ = {isa = PBXFileReference; explicitFileType = wrapper.cfbundle; includeInIndex = 0; path = AssignmentSwiftTests.xctest; sourceTree = BUILT_PRODUCTS_DIR; };
		53E70D291FFE85AB006CE540 /* AssignmentSwiftTests.swift */ = {isa = PBXFileReference; lastKnownFileType = sourcecode.swift; path = AssignmentSwiftTests.swift; sourceTree = "<group>"; };
		53E70D2B1FFE85AB006CE540 /* Info.plist */ = {isa = PBXFileReference; lastKnownFileType = text.plist.xml; path = Info.plist; sourceTree = "<group>"; };
		53E70D301FFE85AC006CE540 /* AssignmentSwiftUITests.xctest */ = {isa = PBXFileReference; explicitFileType = wrapper.cfbundle; includeInIndex = 0; path = AssignmentSwiftUITests.xctest; sourceTree = BUILT_PRODUCTS_DIR; };
		53E70D341FFE85AC006CE540 /* AssignmentSwiftUITests.swift */ = {isa = PBXFileReference; lastKnownFileType = sourcecode.swift; path = AssignmentSwiftUITests.swift; sourceTree = "<group>"; };
		53E70D361FFE85AC006CE540 /* Info.plist */ = {isa = PBXFileReference; lastKnownFileType = text.plist.xml; path = Info.plist; sourceTree = "<group>"; };
		7292EF2CEA093C140EC70117 /* Pods-AssignmentSwift.release.xcconfig */ = {isa = PBXFileReference; includeInIndex = 1; lastKnownFileType = text.xcconfig; name = "Pods-AssignmentSwift.release.xcconfig"; path = "Pods/Target Support Files/Pods-AssignmentSwift/Pods-AssignmentSwift.release.xcconfig"; sourceTree = "<group>"; };
		816B9D1EB7D807E01CF7993A /* Pods-AssignmentSwiftUITests.debug.xcconfig */ = {isa = PBXFileReference; includeInIndex = 1; lastKnownFileType = text.xcconfig; name = "Pods-AssignmentSwiftUITests.debug.xcconfig"; path = "Pods/Target Support Files/Pods-AssignmentSwiftUITests/Pods-AssignmentSwiftUITests.debug.xcconfig"; sourceTree = "<group>"; };
		844B67883FEF3E704378E4BC /* Pods_AssignmentSwiftTests.framework */ = {isa = PBXFileReference; explicitFileType = wrapper.framework; includeInIndex = 0; path = Pods_AssignmentSwiftTests.framework; sourceTree = BUILT_PRODUCTS_DIR; };
		976A3182EC46801DD28F5B12 /* Pods-AssignmentSwiftUITests.release.xcconfig */ = {isa = PBXFileReference; includeInIndex = 1; lastKnownFileType = text.xcconfig; name = "Pods-AssignmentSwiftUITests.release.xcconfig"; path = "Pods/Target Support Files/Pods-AssignmentSwiftUITests/Pods-AssignmentSwiftUITests.release.xcconfig"; sourceTree = "<group>"; };
		9F0CA9EF3BDC3D34752DD0DA /* Pods_AssignmentSwiftUITests.framework */ = {isa = PBXFileReference; explicitFileType = wrapper.framework; includeInIndex = 0; path = Pods_AssignmentSwiftUITests.framework; sourceTree = BUILT_PRODUCTS_DIR; };
		B1193FC82110C5EB00CDC171 /* TopicsViewController.swift */ = {isa = PBXFileReference; lastKnownFileType = sourcecode.swift; path = TopicsViewController.swift; sourceTree = "<group>"; };
		B1193FC92110C5EB00CDC171 /* TopicsViewController.xib */ = {isa = PBXFileReference; lastKnownFileType = file.xib; path = TopicsViewController.xib; sourceTree = "<group>"; };
		B1193FCD2110C67B00CDC171 /* TopicTableViewCell.swift */ = {isa = PBXFileReference; lastKnownFileType = sourcecode.swift; path = TopicTableViewCell.swift; sourceTree = "<group>"; };
		B1193FCE2110C67B00CDC171 /* TopicTableViewCell.xib */ = {isa = PBXFileReference; lastKnownFileType = file.xib; path = TopicTableViewCell.xib; sourceTree = "<group>"; };
		B1193FD32110C92A00CDC171 /* search-cross@2x.png */ = {isa = PBXFileReference; lastKnownFileType = image.png; path = "search-cross@2x.png"; sourceTree = "<group>"; };
		B1193FD42110C92A00CDC171 /* arrow-right@2x.png */ = {isa = PBXFileReference; lastKnownFileType = image.png; path = "arrow-right@2x.png"; sourceTree = "<group>"; };
		B1193FD52110C92A00CDC171 /* search @3x.png */ = {isa = PBXFileReference; lastKnownFileType = image.png; path = "search @3x.png"; sourceTree = "<group>"; };
		B1193FD62110C92A00CDC171 /* left-arrow@3x.png */ = {isa = PBXFileReference; lastKnownFileType = image.png; path = "left-arrow@3x.png"; sourceTree = "<group>"; };
		B1193FD72110C92A00CDC171 /* search .png */ = {isa = PBXFileReference; lastKnownFileType = image.png; path = "search .png"; sourceTree = "<group>"; };
		B1193FD82110C92B00CDC171 /* search-cross@3x.png */ = {isa = PBXFileReference; lastKnownFileType = image.png; path = "search-cross@3x.png"; sourceTree = "<group>"; };
		B1193FD92110C92B00CDC171 /* arrow-right.png */ = {isa = PBXFileReference; lastKnownFileType = image.png; path = "arrow-right.png"; sourceTree = "<group>"; };
		B1193FDA2110C92B00CDC171 /* search @2x.png */ = {isa = PBXFileReference; lastKnownFileType = image.png; path = "search @2x.png"; sourceTree = "<group>"; };
		B1193FDB2110C92B00CDC171 /* left-arrow@2x.png */ = {isa = PBXFileReference; lastKnownFileType = image.png; path = "left-arrow@2x.png"; sourceTree = "<group>"; };
		B1193FDC2110C92B00CDC171 /* left-arrow.png */ = {isa = PBXFileReference; lastKnownFileType = image.png; path = "left-arrow.png"; sourceTree = "<group>"; };
		B1193FDD2110C92C00CDC171 /* arrow-right@3x.png */ = {isa = PBXFileReference; lastKnownFileType = image.png; path = "arrow-right@3x.png"; sourceTree = "<group>"; };
		B1193FDE2110C92C00CDC171 /* search-cross.png */ = {isa = PBXFileReference; lastKnownFileType = image.png; path = "search-cross.png"; sourceTree = "<group>"; };
		B1193FEB21116E8800CDC171 /* BookView.xib */ = {isa = PBXFileReference; fileEncoding = 4; lastKnownFileType = file.xib; name = BookView.xib; path = AssignmentSwift/Views/BookView.xib; sourceTree = SOURCE_ROOT; };
		DF79069D4DF831272A1FC4B1 /* Pods-AssignmentSwiftTests.debug.xcconfig */ = {isa = PBXFileReference; includeInIndex = 1; lastKnownFileType = text.xcconfig; name = "Pods-AssignmentSwiftTests.debug.xcconfig"; path = "Pods/Target Support Files/Pods-AssignmentSwiftTests/Pods-AssignmentSwiftTests.debug.xcconfig"; sourceTree = "<group>"; };
		EEEFE8A19B7D5DEB98C192C6 /* Pods_AssignmentSwift.framework */ = {isa = PBXFileReference; explicitFileType = wrapper.framework; includeInIndex = 0; path = Pods_AssignmentSwift.framework; sourceTree = BUILT_PRODUCTS_DIR; };
/* End PBXFileReference section */

/* Begin PBXFrameworksBuildPhase section */
		53E70D0E1FFE85AB006CE540 /* Frameworks */ = {
			isa = PBXFrameworksBuildPhase;
			buildActionMask = 2147483647;
			files = (
				1E4D7C833631D2C6D208EF88 /* Pods_AssignmentSwift.framework in Frameworks */,
			);
			runOnlyForDeploymentPostprocessing = 0;
		};
		53E70D221FFE85AB006CE540 /* Frameworks */ = {
			isa = PBXFrameworksBuildPhase;
			buildActionMask = 2147483647;
			files = (
				69F0AD8C016F14BA2371EB5A /* Pods_AssignmentSwiftTests.framework in Frameworks */,
			);
			runOnlyForDeploymentPostprocessing = 0;
		};
		53E70D2D1FFE85AC006CE540 /* Frameworks */ = {
			isa = PBXFrameworksBuildPhase;
			buildActionMask = 2147483647;
			files = (
				D8627C8A5FF8BB78CD559A1D /* Pods_AssignmentSwiftUITests.framework in Frameworks */,
			);
			runOnlyForDeploymentPostprocessing = 0;
		};
/* End PBXFrameworksBuildPhase section */

/* Begin PBXGroup section */
		536D62EE1FFF9312006D0F21 /* Controllers */ = {
			isa = PBXGroup;
			children = (
				B1193FC82110C5EB00CDC171 /* TopicsViewController.swift */,
				53E70D161FFE85AB006CE540 /* ViewController.swift */,
			);
			path = Controllers;
			sourceTree = "<group>";
		};
		536D62EF1FFF9338006D0F21 /* Views */ = {
			isa = PBXGroup;
			children = (
				B1193FCC2110C63B00CDC171 /* TableViewCells */,
				B1193FC92110C5EB00CDC171 /* TopicsViewController.xib */,
				536D62F31FFF966A006D0F21 /* CollectionCells */,
			);
			path = Views;
			sourceTree = "<group>";
		};
		536D62F01FFF9351006D0F21 /* Models */ = {
			isa = PBXGroup;
			children = (
				536D62FC1FFF9855006D0F21 /* User.swift */,
			);
			path = Models;
			sourceTree = "<group>";
		};
		536D62F31FFF966A006D0F21 /* CollectionCells */ = {
			isa = PBXGroup;
			children = (
				536D62F41FFF96AB006D0F21 /* UserCellCollectionViewCell.swift */,
				536D62F51FFF96AB006D0F21 /* UserCellCollectionViewCell.xib */,
			);
			path = CollectionCells;
			sourceTree = "<group>";
		};
		53E70D081FFE85AB006CE540 = {
			isa = PBXGroup;
			children = (
				53E70D131FFE85AB006CE540 /* AssignmentSwift */,
				53E70D281FFE85AB006CE540 /* AssignmentSwiftTests */,
				53E70D331FFE85AC006CE540 /* AssignmentSwiftUITests */,
				EF262E8FE6195544561C9632 /* Frameworks */,
				AEE2BE73AF6249436E89FB96 /* Pods */,
				53E70D121FFE85AB006CE540 /* Products */,
				B1193FD12110C84F00CDC171 /* Supporting Files */,
			);
			sourceTree = "<group>";
		};
		53E70D121FFE85AB006CE540 /* Products */ = {
			isa = PBXGroup;
			children = (
				53E70D111FFE85AB006CE540 /* AssignmentSwift.app */,
				53E70D251FFE85AB006CE540 /* AssignmentSwiftTests.xctest */,
				53E70D301FFE85AC006CE540 /* AssignmentSwiftUITests.xctest */,
			);
			name = Products;
			sourceTree = "<group>";
		};
		53E70D131FFE85AB006CE540 /* AssignmentSwift */ = {
			isa = PBXGroup;
			children = (
				536D62F01FFF9351006D0F21 /* Models */,
				536D62EF1FFF9338006D0F21 /* Views */,
				53E70D141FFE85AB006CE540 /* AppDelegate.swift */,
				536D62EE1FFF9312006D0F21 /* Controllers */,
				53E70D181FFE85AB006CE540 /* Main.storyboard */,
				53E70D1B1FFE85AB006CE540 /* Assets.xcassets */,
				53E70D1D1FFE85AB006CE540 /* LaunchScreen.storyboard */,
				53E70D201FFE85AB006CE540 /* Info.plist */,
			);
			path = AssignmentSwift;
			sourceTree = "<group>";
		};
		53E70D281FFE85AB006CE540 /* AssignmentSwiftTests */ = {
			isa = PBXGroup;
			children = (
				53E70D291FFE85AB006CE540 /* AssignmentSwiftTests.swift */,
				53E70D2B1FFE85AB006CE540 /* Info.plist */,
			);
			path = AssignmentSwiftTests;
			sourceTree = "<group>";
		};
		53E70D331FFE85AC006CE540 /* AssignmentSwiftUITests */ = {
			isa = PBXGroup;
			children = (
				53E70D341FFE85AC006CE540 /* AssignmentSwiftUITests.swift */,
				53E70D361FFE85AC006CE540 /* Info.plist */,
			);
			path = AssignmentSwiftUITests;
			sourceTree = "<group>";
		};
		AEE2BE73AF6249436E89FB96 /* Pods */ = {
			isa = PBXGroup;
			children = (
				41F8A06F1260FCBB1AA90330 /* Pods-AssignmentSwift.debug.xcconfig */,
				7292EF2CEA093C140EC70117 /* Pods-AssignmentSwift.release.xcconfig */,
				DF79069D4DF831272A1FC4B1 /* Pods-AssignmentSwiftTests.debug.xcconfig */,
				094F1EEECEA8E6BC0F80EC56 /* Pods-AssignmentSwiftTests.release.xcconfig */,
				816B9D1EB7D807E01CF7993A /* Pods-AssignmentSwiftUITests.debug.xcconfig */,
				976A3182EC46801DD28F5B12 /* Pods-AssignmentSwiftUITests.release.xcconfig */,
			);
			name = Pods;
			sourceTree = "<group>";
		};
		B1193FCC2110C63B00CDC171 /* TableViewCells */ = {
			isa = PBXGroup;
			children = (
				B1193FEB21116E8800CDC171 /* BookView.xib */,
				B1193FCD2110C67B00CDC171 /* TopicTableViewCell.swift */,
				B1193FCE2110C67B00CDC171 /* TopicTableViewCell.xib */,
			);
			path = TableViewCells;
			sourceTree = "<group>";
		};
		B1193FD12110C84F00CDC171 /* Supporting Files */ = {
			isa = PBXGroup;
			children = (
				B1193FD22110C85B00CDC171 /* images */,
			);
			path = "Supporting Files";
			sourceTree = "<group>";
		};
		B1193FD22110C85B00CDC171 /* images */ = {
			isa = PBXGroup;
			children = (
				B1193FD92110C92B00CDC171 /* arrow-right.png */,
				B1193FD42110C92A00CDC171 /* arrow-right@2x.png */,
				B1193FDD2110C92C00CDC171 /* arrow-right@3x.png */,
				B1193FDC2110C92B00CDC171 /* left-arrow.png */,
				B1193FDB2110C92B00CDC171 /* left-arrow@2x.png */,
				B1193FD62110C92A00CDC171 /* left-arrow@3x.png */,
				B1193FD72110C92A00CDC171 /* search .png */,
				B1193FDA2110C92B00CDC171 /* search @2x.png */,
				B1193FD52110C92A00CDC171 /* search @3x.png */,
				B1193FDE2110C92C00CDC171 /* search-cross.png */,
				B1193FD32110C92A00CDC171 /* search-cross@2x.png */,
				B1193FD82110C92B00CDC171 /* search-cross@3x.png */,
			);
			path = images;
			sourceTree = "<group>";
		};
		EF262E8FE6195544561C9632 /* Frameworks */ = {
			isa = PBXGroup;
			children = (
				EEEFE8A19B7D5DEB98C192C6 /* Pods_AssignmentSwift.framework */,
				844B67883FEF3E704378E4BC /* Pods_AssignmentSwiftTests.framework */,
				9F0CA9EF3BDC3D34752DD0DA /* Pods_AssignmentSwiftUITests.framework */,
			);
			name = Frameworks;
			sourceTree = "<group>";
		};
/* End PBXGroup section */

/* Begin PBXNativeTarget section */
		53E70D101FFE85AB006CE540 /* AssignmentSwift */ = {
			isa = PBXNativeTarget;
			buildConfigurationList = 53E70D391FFE85AC006CE540 /* Build configuration list for PBXNativeTarget "AssignmentSwift" */;
			buildPhases = (
				68A9F19CF89F1B55A3FB1B36 /* [CP] Check Pods Manifest.lock */,
				53E70D0D1FFE85AB006CE540 /* Sources */,
				53E70D0E1FFE85AB006CE540 /* Frameworks */,
				53E70D0F1FFE85AB006CE540 /* Resources */,
				ACFBB4033F695319C9134CF1 /* [CP] Embed Pods Frameworks */,
			);
			buildRules = (
			);
			dependencies = (
			);
			name = AssignmentSwift;
			productName = AssignmentSwift;
			productReference = 53E70D111FFE85AB006CE540 /* AssignmentSwift.app */;
			productType = "com.apple.product-type.application";
		};
		53E70D241FFE85AB006CE540 /* AssignmentSwiftTests */ = {
			isa = PBXNativeTarget;
			buildConfigurationList = 53E70D3C1FFE85AC006CE540 /* Build configuration list for PBXNativeTarget "AssignmentSwiftTests" */;
			buildPhases = (
				48AA84279001E3671C9112CC /* [CP] Check Pods Manifest.lock */,
				53E70D211FFE85AB006CE540 /* Sources */,
				53E70D221FFE85AB006CE540 /* Frameworks */,
				53E70D231FFE85AB006CE540 /* Resources */,
				9E75268D6F51F7043EC25E23 /* [CP] Embed Pods Frameworks */,
			);
			buildRules = (
			);
			dependencies = (
				53E70D271FFE85AB006CE540 /* PBXTargetDependency */,
			);
			name = AssignmentSwiftTests;
			productName = AssignmentSwiftTests;
			productReference = 53E70D251FFE85AB006CE540 /* AssignmentSwiftTests.xctest */;
			productType = "com.apple.product-type.bundle.unit-test";
		};
		53E70D2F1FFE85AC006CE540 /* AssignmentSwiftUITests */ = {
			isa = PBXNativeTarget;
			buildConfigurationList = 53E70D3F1FFE85AC006CE540 /* Build configuration list for PBXNativeTarget "AssignmentSwiftUITests" */;
			buildPhases = (
				8F9DB1BC192D20EF67BA744E /* [CP] Check Pods Manifest.lock */,
				53E70D2C1FFE85AC006CE540 /* Sources */,
				53E70D2D1FFE85AC006CE540 /* Frameworks */,
				53E70D2E1FFE85AC006CE540 /* Resources */,
			);
			buildRules = (
			);
			dependencies = (
				53E70D321FFE85AC006CE540 /* PBXTargetDependency */,
			);
			name = AssignmentSwiftUITests;
			productName = AssignmentSwiftUITests;
			productReference = 53E70D301FFE85AC006CE540 /* AssignmentSwiftUITests.xctest */;
			productType = "com.apple.product-type.bundle.ui-testing";
		};
/* End PBXNativeTarget section */

/* Begin PBXProject section */
		53E70D091FFE85AB006CE540 /* Project object */ = {
			isa = PBXProject;
			attributes = {
				LastSwiftUpdateCheck = 0920;
				LastUpgradeCheck = 0920;
				ORGANIZATIONNAME = "Vijay Chavre";
				TargetAttributes = {
					53E70D101FFE85AB006CE540 = {
						CreatedOnToolsVersion = 9.2;
						ProvisioningStyle = Automatic;
					};
					53E70D241FFE85AB006CE540 = {
						CreatedOnToolsVersion = 9.2;
						ProvisioningStyle = Automatic;
						TestTargetID = 53E70D101FFE85AB006CE540;
					};
					53E70D2F1FFE85AC006CE540 = {
						CreatedOnToolsVersion = 9.2;
						ProvisioningStyle = Automatic;
						TestTargetID = 53E70D101FFE85AB006CE540;
					};
				};
			};
			buildConfigurationList = 53E70D0C1FFE85AB006CE540 /* Build configuration list for PBXProject "AssignmentSwift" */;
			compatibilityVersion = "Xcode 8.0";
			developmentRegion = en;
			hasScannedForEncodings = 0;
			knownRegions = (
				en,
				Base,
			);
			mainGroup = 53E70D081FFE85AB006CE540;
			productRefGroup = 53E70D121FFE85AB006CE540 /* Products */;
			projectDirPath = "";
			projectRoot = "";
			targets = (
				53E70D101FFE85AB006CE540 /* AssignmentSwift */,
				53E70D241FFE85AB006CE540 /* AssignmentSwiftTests */,
				53E70D2F1FFE85AC006CE540 /* AssignmentSwiftUITests */,
			);
		};
/* End PBXProject section */

/* Begin PBXResourcesBuildPhase section */
		53E70D0F1FFE85AB006CE540 /* Resources */ = {
			isa = PBXResourcesBuildPhase;
			buildActionMask = 2147483647;
			files = (
				B1193FE32110C92C00CDC171 /* search .png in Resources */,
				B1193FE72110C92C00CDC171 /* left-arrow@2x.png in Resources */,
				B1193FD02110C67B00CDC171 /* TopicTableViewCell.xib in Resources */,
				B1193FE82110C92C00CDC171 /* left-arrow.png in Resources */,
				53E70D1F1FFE85AB006CE540 /* LaunchScreen.storyboard in Resources */,
				B1193FE52110C92C00CDC171 /* arrow-right.png in Resources */,
				B1193FCB2110C5EB00CDC171 /* TopicsViewController.xib in Resources */,
				B1193FE62110C92C00CDC171 /* search @2x.png in Resources */,
				53E70D1C1FFE85AB006CE540 /* Assets.xcassets in Resources */,
				B1193FE92110C92C00CDC171 /* arrow-right@3x.png in Resources */,
				B1193FEC21116E8800CDC171 /* BookView.xib in Resources */,
				B1193FDF2110C92C00CDC171 /* search-cross@2x.png in Resources */,
				B1193FE12110C92C00CDC171 /* search @3x.png in Resources */,
				B1193FE02110C92C00CDC171 /* arrow-right@2x.png in Resources */,
				B1193FE22110C92C00CDC171 /* left-arrow@3x.png in Resources */,
				536D62F91FFF96AC006D0F21 /* UserCellCollectionViewCell.xib in Resources */,
				53E70D1A1FFE85AB006CE540 /* Main.storyboard in Resources */,
				B1193FE42110C92C00CDC171 /* search-cross@3x.png in Resources */,
				B1193FEA2110C92C00CDC171 /* search-cross.png in Resources */,
			);
			runOnlyForDeploymentPostprocessing = 0;
		};
		53E70D231FFE85AB006CE540 /* Resources */ = {
			isa = PBXResourcesBuildPhase;
			buildActionMask = 2147483647;
			files = (
				536D62FA1FFF96AC006D0F21 /* UserCellCollectionViewCell.xib in Resources */,
			);
			runOnlyForDeploymentPostprocessing = 0;
		};
		53E70D2E1FFE85AC006CE540 /* Resources */ = {
			isa = PBXResourcesBuildPhase;
			buildActionMask = 2147483647;
			files = (
				536D62FB1FFF96AC006D0F21 /* UserCellCollectionViewCell.xib in Resources */,
			);
			runOnlyForDeploymentPostprocessing = 0;
		};
/* End PBXResourcesBuildPhase section */

/* Begin PBXShellScriptBuildPhase section */
		48AA84279001E3671C9112CC /* [CP] Check Pods Manifest.lock */ = {
			isa = PBXShellScriptBuildPhase;
			buildActionMask = 2147483647;
			files = (
			);
			inputPaths = (
				"${PODS_PODFILE_DIR_PATH}/Podfile.lock",
				"${PODS_ROOT}/Manifest.lock",
			);
			name = "[CP] Check Pods Manifest.lock";
			outputPaths = (
				"$(DERIVED_FILE_DIR)/Pods-AssignmentSwiftTests-checkManifestLockResult.txt",
			);
			runOnlyForDeploymentPostprocessing = 0;
			shellPath = /bin/sh;
			shellScript = "diff \"${PODS_PODFILE_DIR_PATH}/Podfile.lock\" \"${PODS_ROOT}/Manifest.lock\" > /dev/null\nif [ $? != 0 ] ; then\n    # print error to STDERR\n    echo \"error: The sandbox is not in sync with the Podfile.lock. Run 'pod install' or update your CocoaPods installation.\" >&2\n    exit 1\nfi\n# This output is used by Xcode 'outputs' to avoid re-running this script phase.\necho \"SUCCESS\" > \"${SCRIPT_OUTPUT_FILE_0}\"\n";
			showEnvVarsInLog = 0;
		};
		68A9F19CF89F1B55A3FB1B36 /* [CP] Check Pods Manifest.lock */ = {
			isa = PBXShellScriptBuildPhase;
			buildActionMask = 2147483647;
			files = (
			);
			inputPaths = (
				"${PODS_PODFILE_DIR_PATH}/Podfile.lock",
				"${PODS_ROOT}/Manifest.lock",
			);
			name = "[CP] Check Pods Manifest.lock";
			outputPaths = (
				"$(DERIVED_FILE_DIR)/Pods-AssignmentSwift-checkManifestLockResult.txt",
			);
			runOnlyForDeploymentPostprocessing = 0;
			shellPath = /bin/sh;
			shellScript = "diff \"${PODS_PODFILE_DIR_PATH}/Podfile.lock\" \"${PODS_ROOT}/Manifest.lock\" > /dev/null\nif [ $? != 0 ] ; then\n    # print error to STDERR\n    echo \"error: The sandbox is not in sync with the Podfile.lock. Run 'pod install' or update your CocoaPods installation.\" >&2\n    exit 1\nfi\n# This output is used by Xcode 'outputs' to avoid re-running this script phase.\necho \"SUCCESS\" > \"${SCRIPT_OUTPUT_FILE_0}\"\n";
			showEnvVarsInLog = 0;
		};
		8F9DB1BC192D20EF67BA744E /* [CP] Check Pods Manifest.lock */ = {
			isa = PBXShellScriptBuildPhase;
			buildActionMask = 2147483647;
			files = (
			);
			inputPaths = (
				"${PODS_PODFILE_DIR_PATH}/Podfile.lock",
				"${PODS_ROOT}/Manifest.lock",
			);
			name = "[CP] Check Pods Manifest.lock";
			outputPaths = (
				"$(DERIVED_FILE_DIR)/Pods-AssignmentSwiftUITests-checkManifestLockResult.txt",
			);
			runOnlyForDeploymentPostprocessing = 0;
			shellPath = /bin/sh;
			shellScript = "diff \"${PODS_PODFILE_DIR_PATH}/Podfile.lock\" \"${PODS_ROOT}/Manifest.lock\" > /dev/null\nif [ $? != 0 ] ; then\n    # print error to STDERR\n    echo \"error: The sandbox is not in sync with the Podfile.lock. Run 'pod install' or update your CocoaPods installation.\" >&2\n    exit 1\nfi\n# This output is used by Xcode 'outputs' to avoid re-running this script phase.\necho \"SUCCESS\" > \"${SCRIPT_OUTPUT_FILE_0}\"\n";
			showEnvVarsInLog = 0;
		};
		9E75268D6F51F7043EC25E23 /* [CP] Embed Pods Frameworks */ = {
			isa = PBXShellScriptBuildPhase;
			buildActionMask = 2147483647;
			files = (
			);
			inputPaths = (
				"${SRCROOT}/Pods/Target Support Files/Pods-AssignmentSwiftTests/Pods-AssignmentSwiftTests-frameworks.sh",
				"${BUILT_PRODUCTS_DIR}/Nimble/Nimble.framework",
				"${BUILT_PRODUCTS_DIR}/Quick/Quick.framework",
			);
			name = "[CP] Embed Pods Frameworks";
			outputPaths = (
				"${TARGET_BUILD_DIR}/${FRAMEWORKS_FOLDER_PATH}/Nimble.framework",
				"${TARGET_BUILD_DIR}/${FRAMEWORKS_FOLDER_PATH}/Quick.framework",
			);
			runOnlyForDeploymentPostprocessing = 0;
			shellPath = /bin/sh;
			shellScript = "\"${SRCROOT}/Pods/Target Support Files/Pods-AssignmentSwiftTests/Pods-AssignmentSwiftTests-frameworks.sh\"\n";
			showEnvVarsInLog = 0;
		};
		ACFBB4033F695319C9134CF1 /* [CP] Embed Pods Frameworks */ = {
			isa = PBXShellScriptBuildPhase;
			buildActionMask = 2147483647;
			files = (
			);
			inputPaths = (
				"${SRCROOT}/Pods/Target Support Files/Pods-AssignmentSwift/Pods-AssignmentSwift-frameworks.sh",
				"${BUILT_PRODUCTS_DIR}/AEXML/AEXML.framework",
				"${BUILT_PRODUCTS_DIR}/EpubExtractor/EpubExtractor.framework",
				"${BUILT_PRODUCTS_DIR}/SSZipArchive/SSZipArchive.framework",
			);
			name = "[CP] Embed Pods Frameworks";
			outputPaths = (
				"${TARGET_BUILD_DIR}/${FRAMEWORKS_FOLDER_PATH}/AEXML.framework",
				"${TARGET_BUILD_DIR}/${FRAMEWORKS_FOLDER_PATH}/EpubExtractor.framework",
				"${TARGET_BUILD_DIR}/${FRAMEWORKS_FOLDER_PATH}/SSZipArchive.framework",
			);
			runOnlyForDeploymentPostprocessing = 0;
			shellPath = /bin/sh;
			shellScript = "\"${SRCROOT}/Pods/Target Support Files/Pods-AssignmentSwift/Pods-AssignmentSwift-frameworks.sh\"\n";
			showEnvVarsInLog = 0;
		};
/* End PBXShellScriptBuildPhase section */

/* Begin PBXSourcesBuildPhase section */
		53E70D0D1FFE85AB006CE540 /* Sources */ = {
			isa = PBXSourcesBuildPhase;
			buildActionMask = 2147483647;
			files = (
				53E70D171FFE85AB006CE540 /* ViewController.swift in Sources */,
				B1193FCF2110C67B00CDC171 /* TopicTableViewCell.swift in Sources */,
				536D62FD1FFF9855006D0F21 /* User.swift in Sources */,
				53E70D151FFE85AB006CE540 /* AppDelegate.swift in Sources */,
				B1193FCA2110C5EB00CDC171 /* TopicsViewController.swift in Sources */,
				536D62F61FFF96AC006D0F21 /* UserCellCollectionViewCell.swift in Sources */,
			);
			runOnlyForDeploymentPostprocessing = 0;
		};
		53E70D211FFE85AB006CE540 /* Sources */ = {
			isa = PBXSourcesBuildPhase;
			buildActionMask = 2147483647;
			files = (
				536D62F71FFF96AC006D0F21 /* UserCellCollectionViewCell.swift in Sources */,
				536D62FE1FFF9855006D0F21 /* User.swift in Sources */,
				53E70D2A1FFE85AB006CE540 /* AssignmentSwiftTests.swift in Sources */,
			);
			runOnlyForDeploymentPostprocessing = 0;
		};
		53E70D2C1FFE85AC006CE540 /* Sources */ = {
			isa = PBXSourcesBuildPhase;
			buildActionMask = 2147483647;
			files = (
				536D62F81FFF96AC006D0F21 /* UserCellCollectionViewCell.swift in Sources */,
				536D62FF1FFF9855006D0F21 /* User.swift in Sources */,
				53E70D351FFE85AC006CE540 /* AssignmentSwiftUITests.swift in Sources */,
			);
			runOnlyForDeploymentPostprocessing = 0;
		};
/* End PBXSourcesBuildPhase section */

/* Begin PBXTargetDependency section */
		53E70D271FFE85AB006CE540 /* PBXTargetDependency */ = {
			isa = PBXTargetDependency;
			target = 53E70D101FFE85AB006CE540 /* AssignmentSwift */;
			targetProxy = 53E70D261FFE85AB006CE540 /* PBXContainerItemProxy */;
		};
		53E70D321FFE85AC006CE540 /* PBXTargetDependency */ = {
			isa = PBXTargetDependency;
			target = 53E70D101FFE85AB006CE540 /* AssignmentSwift */;
			targetProxy = 53E70D311FFE85AC006CE540 /* PBXContainerItemProxy */;
		};
/* End PBXTargetDependency section */

/* Begin PBXVariantGroup section */
		53E70D181FFE85AB006CE540 /* Main.storyboard */ = {
			isa = PBXVariantGroup;
			children = (
				53E70D191FFE85AB006CE540 /* Base */,
			);
			name = Main.storyboard;
			sourceTree = "<group>";
		};
		53E70D1D1FFE85AB006CE540 /* LaunchScreen.storyboard */ = {
			isa = PBXVariantGroup;
			children = (
				53E70D1E1FFE85AB006CE540 /* Base */,
			);
			name = LaunchScreen.storyboard;
			sourceTree = "<group>";
		};
/* End PBXVariantGroup section */

/* Begin XCBuildConfiguration section */
		53E70D371FFE85AC006CE540 /* Debug */ = {
			isa = XCBuildConfiguration;
			buildSettings = {
				ALWAYS_SEARCH_USER_PATHS = NO;
				CLANG_ANALYZER_NONNULL = YES;
				CLANG_ANALYZER_NUMBER_OBJECT_CONVERSION = YES_AGGRESSIVE;
				CLANG_CXX_LANGUAGE_STANDARD = "gnu++14";
				CLANG_CXX_LIBRARY = "libc++";
				CLANG_ENABLE_MODULES = YES;
				CLANG_ENABLE_OBJC_ARC = YES;
				CLANG_WARN_BLOCK_CAPTURE_AUTORELEASING = YES;
				CLANG_WARN_BOOL_CONVERSION = YES;
				CLANG_WARN_COMMA = YES;
				CLANG_WARN_CONSTANT_CONVERSION = YES;
				CLANG_WARN_DIRECT_OBJC_ISA_USAGE = YES_ERROR;
				CLANG_WARN_DOCUMENTATION_COMMENTS = YES;
				CLANG_WARN_EMPTY_BODY = YES;
				CLANG_WARN_ENUM_CONVERSION = YES;
				CLANG_WARN_INFINITE_RECURSION = YES;
				CLANG_WARN_INT_CONVERSION = YES;
				CLANG_WARN_NON_LITERAL_NULL_CONVERSION = YES;
				CLANG_WARN_OBJC_LITERAL_CONVERSION = YES;
				CLANG_WARN_OBJC_ROOT_CLASS = YES_ERROR;
				CLANG_WARN_RANGE_LOOP_ANALYSIS = YES;
				CLANG_WARN_STRICT_PROTOTYPES = YES;
				CLANG_WARN_SUSPICIOUS_MOVE = YES;
				CLANG_WARN_UNGUARDED_AVAILABILITY = YES_AGGRESSIVE;
				CLANG_WARN_UNREACHABLE_CODE = YES;
				CLANG_WARN__DUPLICATE_METHOD_MATCH = YES;
				CODE_SIGN_IDENTITY = "iPhone Developer";
				COPY_PHASE_STRIP = NO;
				DEBUG_INFORMATION_FORMAT = dwarf;
				ENABLE_STRICT_OBJC_MSGSEND = YES;
				ENABLE_TESTABILITY = YES;
				GCC_C_LANGUAGE_STANDARD = gnu11;
				GCC_DYNAMIC_NO_PIC = NO;
				GCC_NO_COMMON_BLOCKS = YES;
				GCC_OPTIMIZATION_LEVEL = 0;
				GCC_PREPROCESSOR_DEFINITIONS = (
					"DEBUG=1",
					"$(inherited)",
				);
				GCC_WARN_64_TO_32_BIT_CONVERSION = YES;
				GCC_WARN_ABOUT_RETURN_TYPE = YES_ERROR;
				GCC_WARN_UNDECLARED_SELECTOR = YES;
				GCC_WARN_UNINITIALIZED_AUTOS = YES_AGGRESSIVE;
				GCC_WARN_UNUSED_FUNCTION = YES;
				GCC_WARN_UNUSED_VARIABLE = YES;
				IPHONEOS_DEPLOYMENT_TARGET = 11.2;
				MTL_ENABLE_DEBUG_INFO = YES;
				ONLY_ACTIVE_ARCH = YES;
				SDKROOT = iphoneos;
				SWIFT_ACTIVE_COMPILATION_CONDITIONS = DEBUG;
				SWIFT_OPTIMIZATION_LEVEL = "-Onone";
			};
			name = Debug;
		};
		53E70D381FFE85AC006CE540 /* Release */ = {
			isa = XCBuildConfiguration;
			buildSettings = {
				ALWAYS_SEARCH_USER_PATHS = NO;
				CLANG_ANALYZER_NONNULL = YES;
				CLANG_ANALYZER_NUMBER_OBJECT_CONVERSION = YES_AGGRESSIVE;
				CLANG_CXX_LANGUAGE_STANDARD = "gnu++14";
				CLANG_CXX_LIBRARY = "libc++";
				CLANG_ENABLE_MODULES = YES;
				CLANG_ENABLE_OBJC_ARC = YES;
				CLANG_WARN_BLOCK_CAPTURE_AUTORELEASING = YES;
				CLANG_WARN_BOOL_CONVERSION = YES;
				CLANG_WARN_COMMA = YES;
				CLANG_WARN_CONSTANT_CONVERSION = YES;
				CLANG_WARN_DIRECT_OBJC_ISA_USAGE = YES_ERROR;
				CLANG_WARN_DOCUMENTATION_COMMENTS = YES;
				CLANG_WARN_EMPTY_BODY = YES;
				CLANG_WARN_ENUM_CONVERSION = YES;
				CLANG_WARN_INFINITE_RECURSION = YES;
				CLANG_WARN_INT_CONVERSION = YES;
				CLANG_WARN_NON_LITERAL_NULL_CONVERSION = YES;
				CLANG_WARN_OBJC_LITERAL_CONVERSION = YES;
				CLANG_WARN_OBJC_ROOT_CLASS = YES_ERROR;
				CLANG_WARN_RANGE_LOOP_ANALYSIS = YES;
				CLANG_WARN_STRICT_PROTOTYPES = YES;
				CLANG_WARN_SUSPICIOUS_MOVE = YES;
				CLANG_WARN_UNGUARDED_AVAILABILITY = YES_AGGRESSIVE;
				CLANG_WARN_UNREACHABLE_CODE = YES;
				CLANG_WARN__DUPLICATE_METHOD_MATCH = YES;
				CODE_SIGN_IDENTITY = "iPhone Developer";
				COPY_PHASE_STRIP = NO;
				DEBUG_INFORMATION_FORMAT = "dwarf-with-dsym";
				ENABLE_NS_ASSERTIONS = NO;
				ENABLE_STRICT_OBJC_MSGSEND = YES;
				GCC_C_LANGUAGE_STANDARD = gnu11;
				GCC_NO_COMMON_BLOCKS = YES;
				GCC_WARN_64_TO_32_BIT_CONVERSION = YES;
				GCC_WARN_ABOUT_RETURN_TYPE = YES_ERROR;
				GCC_WARN_UNDECLARED_SELECTOR = YES;
				GCC_WARN_UNINITIALIZED_AUTOS = YES_AGGRESSIVE;
				GCC_WARN_UNUSED_FUNCTION = YES;
				GCC_WARN_UNUSED_VARIABLE = YES;
				IPHONEOS_DEPLOYMENT_TARGET = 11.2;
				MTL_ENABLE_DEBUG_INFO = NO;
				SDKROOT = iphoneos;
				SWIFT_OPTIMIZATION_LEVEL = "-Owholemodule";
				VALIDATE_PRODUCT = YES;
			};
			name = Release;
		};
		53E70D3A1FFE85AC006CE540 /* Debug */ = {
			isa = XCBuildConfiguration;
			baseConfigurationReference = 41F8A06F1260FCBB1AA90330 /* Pods-AssignmentSwift.debug.xcconfig */;
			buildSettings = {
				ASSETCATALOG_COMPILER_APPICON_NAME = AppIcon;
				CODE_SIGN_STYLE = Automatic;
				DEVELOPMENT_TEAM = 528CW28SYR;
				INFOPLIST_FILE = AssignmentSwift/Info.plist;
				IPHONEOS_DEPLOYMENT_TARGET = 8.0;
				LD_RUNPATH_SEARCH_PATHS = "$(inherited) @executable_path/Frameworks";
				PRODUCT_BUNDLE_IDENTIFIER = vijay.AssignmentSwift;
				PRODUCT_NAME = "$(TARGET_NAME)";
				SWIFT_VERSION = 4.0;
				TARGETED_DEVICE_FAMILY = "1,2";
			};
			name = Debug;
		};
		53E70D3B1FFE85AC006CE540 /* Release */ = {
			isa = XCBuildConfiguration;
			baseConfigurationReference = 7292EF2CEA093C140EC70117 /* Pods-AssignmentSwift.release.xcconfig */;
			buildSettings = {
				ASSETCATALOG_COMPILER_APPICON_NAME = AppIcon;
				CODE_SIGN_STYLE = Automatic;
				DEVELOPMENT_TEAM = 528CW28SYR;
				INFOPLIST_FILE = AssignmentSwift/Info.plist;
				IPHONEOS_DEPLOYMENT_TARGET = 8.0;
				LD_RUNPATH_SEARCH_PATHS = "$(inherited) @executable_path/Frameworks";
				PRODUCT_BUNDLE_IDENTIFIER = vijay.AssignmentSwift;
				PRODUCT_NAME = "$(TARGET_NAME)";
				SWIFT_VERSION = 4.0;
				TARGETED_DEVICE_FAMILY = "1,2";
			};
			name = Release;
		};
		53E70D3D1FFE85AC006CE540 /* Debug */ = {
			isa = XCBuildConfiguration;
			baseConfigurationReference = DF79069D4DF831272A1FC4B1 /* Pods-AssignmentSwiftTests.debug.xcconfig */;
			buildSettings = {
				ALWAYS_EMBED_SWIFT_STANDARD_LIBRARIES = YES;
				BUNDLE_LOADER = "$(TEST_HOST)";
				CODE_SIGN_STYLE = Automatic;
				DEVELOPMENT_TEAM = 528CW28SYR;
				INFOPLIST_FILE = AssignmentSwiftTests/Info.plist;
				LD_RUNPATH_SEARCH_PATHS = "$(inherited) @executable_path/Frameworks @loader_path/Frameworks";
				PRODUCT_BUNDLE_IDENTIFIER = vijay.AssignmentSwiftTests;
				PRODUCT_NAME = "$(TARGET_NAME)";
				SWIFT_VERSION = 4.0;
				TARGETED_DEVICE_FAMILY = "1,2";
				TEST_HOST = "$(BUILT_PRODUCTS_DIR)/AssignmentSwift.app/AssignmentSwift";
			};
			name = Debug;
		};
		53E70D3E1FFE85AC006CE540 /* Release */ = {
			isa = XCBuildConfiguration;
			baseConfigurationReference = 094F1EEECEA8E6BC0F80EC56 /* Pods-AssignmentSwiftTests.release.xcconfig */;
			buildSettings = {
				ALWAYS_EMBED_SWIFT_STANDARD_LIBRARIES = YES;
				BUNDLE_LOADER = "$(TEST_HOST)";
				CODE_SIGN_STYLE = Automatic;
				DEVELOPMENT_TEAM = 528CW28SYR;
				INFOPLIST_FILE = AssignmentSwiftTests/Info.plist;
				LD_RUNPATH_SEARCH_PATHS = "$(inherited) @executable_path/Frameworks @loader_path/Frameworks";
				PRODUCT_BUNDLE_IDENTIFIER = vijay.AssignmentSwiftTests;
				PRODUCT_NAME = "$(TARGET_NAME)";
				SWIFT_VERSION = 4.0;
				TARGETED_DEVICE_FAMILY = "1,2";
				TEST_HOST = "$(BUILT_PRODUCTS_DIR)/AssignmentSwift.app/AssignmentSwift";
			};
			name = Release;
		};
		53E70D401FFE85AC006CE540 /* Debug */ = {
			isa = XCBuildConfiguration;
			baseConfigurationReference = 816B9D1EB7D807E01CF7993A /* Pods-AssignmentSwiftUITests.debug.xcconfig */;
			buildSettings = {
				ALWAYS_EMBED_SWIFT_STANDARD_LIBRARIES = YES;
				CODE_SIGN_STYLE = Automatic;
				DEVELOPMENT_TEAM = 528CW28SYR;
				INFOPLIST_FILE = AssignmentSwiftUITests/Info.plist;
				LD_RUNPATH_SEARCH_PATHS = "$(inherited) @executable_path/Frameworks @loader_path/Frameworks";
				PRODUCT_BUNDLE_IDENTIFIER = vijay.AssignmentSwiftUITests;
				PRODUCT_NAME = "$(TARGET_NAME)";
				SWIFT_VERSION = 4.0;
				TARGETED_DEVICE_FAMILY = "1,2";
				TEST_TARGET_NAME = AssignmentSwift;
			};
			name = Debug;
		};
		53E70D411FFE85AC006CE540 /* Release */ = {
			isa = XCBuildConfiguration;
			baseConfigurationReference = 976A3182EC46801DD28F5B12 /* Pods-AssignmentSwiftUITests.release.xcconfig */;
			buildSettings = {
				ALWAYS_EMBED_SWIFT_STANDARD_LIBRARIES = YES;
				CODE_SIGN_STYLE = Automatic;
				DEVELOPMENT_TEAM = 528CW28SYR;
				INFOPLIST_FILE = AssignmentSwiftUITests/Info.plist;
				LD_RUNPATH_SEARCH_PATHS = "$(inherited) @executable_path/Frameworks @loader_path/Frameworks";
				PRODUCT_BUNDLE_IDENTIFIER = vijay.AssignmentSwiftUITests;
				PRODUCT_NAME = "$(TARGET_NAME)";
				SWIFT_VERSION = 4.0;
				TARGETED_DEVICE_FAMILY = "1,2";
				TEST_TARGET_NAME = AssignmentSwift;
			};
			name = Release;
		};
/* End XCBuildConfiguration section */

/* Begin XCConfigurationList section */
		53E70D0C1FFE85AB006CE540 /* Build configuration list for PBXProject "AssignmentSwift" */ = {
			isa = XCConfigurationList;
			buildConfigurations = (
				53E70D371FFE85AC006CE540 /* Debug */,
				53E70D381FFE85AC006CE540 /* Release */,
			);
			defaultConfigurationIsVisible = 0;
			defaultConfigurationName = Release;
		};
		53E70D391FFE85AC006CE540 /* Build configuration list for PBXNativeTarget "AssignmentSwift" */ = {
			isa = XCConfigurationList;
			buildConfigurations = (
				53E70D3A1FFE85AC006CE540 /* Debug */,
				53E70D3B1FFE85AC006CE540 /* Release */,
			);
			defaultConfigurationIsVisible = 0;
			defaultConfigurationName = Release;
		};
		53E70D3C1FFE85AC006CE540 /* Build configuration list for PBXNativeTarget "AssignmentSwiftTests" */ = {
			isa = XCConfigurationList;
			buildConfigurations = (
				53E70D3D1FFE85AC006CE540 /* Debug */,
				53E70D3E1FFE85AC006CE540 /* Release */,
			);
			defaultConfigurationIsVisible = 0;
			defaultConfigurationName = Release;
		};
		53E70D3F1FFE85AC006CE540 /* Build configuration list for PBXNativeTarget "AssignmentSwiftUITests" */ = {
			isa = XCConfigurationList;
			buildConfigurations = (
				53E70D401FFE85AC006CE540 /* Debug */,
				53E70D411FFE85AC006CE540 /* Release */,
			);
			defaultConfigurationIsVisible = 0;
			defaultConfigurationName = Release;
		};
/* End XCConfigurationList section */
	};
	rootObject = 53E70D091FFE85AB006CE540 /* Project object */;
}
